// !$*UTF8*$!
{
	archiveVersion = 1;
	classes = {
	};
	objectVersion = 56;
	objects = {

/* Begin PBXBuildFile section */
		74C73EB429085138005F16D5 /* HomeSceneView.swift in Sources */ = {isa = PBXBuildFile; fileRef = 74C73EB329085138005F16D5 /* HomeSceneView.swift */; };
		74C73EB629085519005F16D5 /* HomeSceneMenuManager.swift in Sources */ = {isa = PBXBuildFile; fileRef = 74C73EB529085519005F16D5 /* HomeSceneMenuManager.swift */; };
		74CBBE3529072E400029AF59 /* QuickGitUIApp.swift in Sources */ = {isa = PBXBuildFile; fileRef = 74CBBE3429072E400029AF59 /* QuickGitUIApp.swift */; };
		74CBBE3729072E400029AF59 /* ContentView.swift in Sources */ = {isa = PBXBuildFile; fileRef = 74CBBE3629072E400029AF59 /* ContentView.swift */; };
		74CBBE3929072E410029AF59 /* Assets.xcassets in Resources */ = {isa = PBXBuildFile; fileRef = 74CBBE3829072E410029AF59 /* Assets.xcassets */; };
		74CBBE3C29072E410029AF59 /* Preview Assets.xcassets in Resources */ = {isa = PBXBuildFile; fileRef = 74CBBE3B29072E410029AF59 /* Preview Assets.xcassets */; };
		74CBBE3E29072E410029AF59 /* Persistence.swift in Sources */ = {isa = PBXBuildFile; fileRef = 74CBBE3D29072E410029AF59 /* Persistence.swift */; };
		74CBBE4129072E410029AF59 /* QuickGitUI.xcdatamodeld in Sources */ = {isa = PBXBuildFile; fileRef = 74CBBE3F29072E410029AF59 /* QuickGitUI.xcdatamodeld */; };
		74CBBE49290730200029AF59 /* HomeCellView.swift in Sources */ = {isa = PBXBuildFile; fileRef = 74CBBE48290730200029AF59 /* HomeCellView.swift */; };
		74E0A8F4290C0DC9006C9823 /* Navigator.swift in Sources */ = {isa = PBXBuildFile; fileRef = 74E0A8F3290C0DC9006C9823 /* Navigator.swift */; };
		74E0A8F9290C1419006C9823 /* UsersSceneView.swift in Sources */ = {isa = PBXBuildFile; fileRef = 74E0A8F8290C1419006C9823 /* UsersSceneView.swift */; };
		74E0A8FC290C143D006C9823 /* UserCellView.swift in Sources */ = {isa = PBXBuildFile; fileRef = 74E0A8FB290C143D006C9823 /* UserCellView.swift */; };
		74E0A900290C1764006C9823 /* RepositoryCellView.swift in Sources */ = {isa = PBXBuildFile; fileRef = 74E0A8FF290C1764006C9823 /* RepositoryCellView.swift */; };
		74E0A902290C18CE006C9823 /* RepositoriesListScene.swift in Sources */ = {isa = PBXBuildFile; fileRef = 74E0A901290C18CE006C9823 /* RepositoriesListScene.swift */; };
		74E0A905290C24D6006C9823 /* RepositorySceneView.swift in Sources */ = {isa = PBXBuildFile; fileRef = 74E0A904290C24D6006C9823 /* RepositorySceneView.swift */; };
		74E0A908290C2965006C9823 /* ActionCellView.swift in Sources */ = {isa = PBXBuildFile; fileRef = 74E0A907290C2965006C9823 /* ActionCellView.swift */; };
		74E0A90C290C32D2006C9823 /* ProfileSceneView.swift in Sources */ = {isa = PBXBuildFile; fileRef = 74E0A90B290C32D2006C9823 /* ProfileSceneView.swift */; };
		74F90DFC29118CA30004418F /* IssueCellView.swift in Sources */ = {isa = PBXBuildFile; fileRef = 74F90DFB29118CA30004418F /* IssueCellView.swift */; };
		74F90DFE29118D940004418F /* IssuesListScene.swift in Sources */ = {isa = PBXBuildFile; fileRef = 74F90DFD29118D940004418F /* IssuesListScene.swift */; };
		74F90E0129118F260004418F /* PullRequestsScene.swift in Sources */ = {isa = PBXBuildFile; fileRef = 74F90E0029118F260004418F /* PullRequestsScene.swift */; };
		74F90E0429118F360004418F /* PullRequestCellView.swift in Sources */ = {isa = PBXBuildFile; fileRef = 74F90E0329118F360004418F /* PullRequestCellView.swift */; };
		74F90E082911939A0004418F /* CommitCellView.swift in Sources */ = {isa = PBXBuildFile; fileRef = 74F90E072911939A0004418F /* CommitCellView.swift */; };
		74F90E0A291198E90004418F /* CommitsScene.swift in Sources */ = {isa = PBXBuildFile; fileRef = 74F90E09291198E90004418F /* CommitsScene.swift */; };
		74F90E0E2911DA440004418F /* OrganizationCell.swift in Sources */ = {isa = PBXBuildFile; fileRef = 74F90E0D2911DA440004418F /* OrganizationCell.swift */; };
		74F90E102911DC180004418F /* OrganizationsListScene.swift in Sources */ = {isa = PBXBuildFile; fileRef = 74F90E0F2911DC180004418F /* OrganizationsListScene.swift */; };
		74F90E132911DE490004418F /* OrganizationScene.swift in Sources */ = {isa = PBXBuildFile; fileRef = 74F90E122911DE490004418F /* OrganizationScene.swift */; };
/* End PBXBuildFile section */

/* Begin PBXFileReference section */
		74C73EB329085138005F16D5 /* HomeSceneView.swift */ = {isa = PBXFileReference; lastKnownFileType = sourcecode.swift; path = HomeSceneView.swift; sourceTree = "<group>"; };
		74C73EB529085519005F16D5 /* HomeSceneMenuManager.swift */ = {isa = PBXFileReference; lastKnownFileType = sourcecode.swift; path = HomeSceneMenuManager.swift; sourceTree = "<group>"; };
		74CBBE3129072E400029AF59 /* QuickGitUI.app */ = {isa = PBXFileReference; explicitFileType = wrapper.application; includeInIndex = 0; path = QuickGitUI.app; sourceTree = BUILT_PRODUCTS_DIR; };
		74CBBE3429072E400029AF59 /* QuickGitUIApp.swift */ = {isa = PBXFileReference; lastKnownFileType = sourcecode.swift; path = QuickGitUIApp.swift; sourceTree = "<group>"; };
		74CBBE3629072E400029AF59 /* ContentView.swift */ = {isa = PBXFileReference; lastKnownFileType = sourcecode.swift; path = ContentView.swift; sourceTree = "<group>"; };
		74CBBE3829072E410029AF59 /* Assets.xcassets */ = {isa = PBXFileReference; lastKnownFileType = folder.assetcatalog; path = Assets.xcassets; sourceTree = "<group>"; };
		74CBBE3B29072E410029AF59 /* Preview Assets.xcassets */ = {isa = PBXFileReference; lastKnownFileType = folder.assetcatalog; path = "Preview Assets.xcassets"; sourceTree = "<group>"; };
		74CBBE3D29072E410029AF59 /* Persistence.swift */ = {isa = PBXFileReference; lastKnownFileType = sourcecode.swift; path = Persistence.swift; sourceTree = "<group>"; };
		74CBBE4029072E410029AF59 /* QuickGitUI.xcdatamodel */ = {isa = PBXFileReference; lastKnownFileType = wrapper.xcdatamodel; path = QuickGitUI.xcdatamodel; sourceTree = "<group>"; };
		74CBBE48290730200029AF59 /* HomeCellView.swift */ = {isa = PBXFileReference; lastKnownFileType = sourcecode.swift; path = HomeCellView.swift; sourceTree = "<group>"; };
		74E0A8F3290C0DC9006C9823 /* Navigator.swift */ = {isa = PBXFileReference; lastKnownFileType = sourcecode.swift; path = Navigator.swift; sourceTree = "<group>"; };
		74E0A8F8290C1419006C9823 /* UsersSceneView.swift */ = {isa = PBXFileReference; lastKnownFileType = sourcecode.swift; path = UsersSceneView.swift; sourceTree = "<group>"; };
		74E0A8FB290C143D006C9823 /* UserCellView.swift */ = {isa = PBXFileReference; lastKnownFileType = sourcecode.swift; path = UserCellView.swift; sourceTree = "<group>"; };
		74E0A8FF290C1764006C9823 /* RepositoryCellView.swift */ = {isa = PBXFileReference; lastKnownFileType = sourcecode.swift; path = RepositoryCellView.swift; sourceTree = "<group>"; };
		74E0A901290C18CE006C9823 /* RepositoriesListScene.swift */ = {isa = PBXFileReference; lastKnownFileType = sourcecode.swift; path = RepositoriesListScene.swift; sourceTree = "<group>"; };
		74E0A904290C24D6006C9823 /* RepositorySceneView.swift */ = {isa = PBXFileReference; lastKnownFileType = sourcecode.swift; path = RepositorySceneView.swift; sourceTree = "<group>"; };
		74E0A907290C2965006C9823 /* ActionCellView.swift */ = {isa = PBXFileReference; lastKnownFileType = sourcecode.swift; path = ActionCellView.swift; sourceTree = "<group>"; };
		74E0A90B290C32D2006C9823 /* ProfileSceneView.swift */ = {isa = PBXFileReference; lastKnownFileType = sourcecode.swift; path = ProfileSceneView.swift; sourceTree = "<group>"; };
		74F90DFB29118CA30004418F /* IssueCellView.swift */ = {isa = PBXFileReference; lastKnownFileType = sourcecode.swift; path = IssueCellView.swift; sourceTree = "<group>"; };
		74F90DFD29118D940004418F /* IssuesListScene.swift */ = {isa = PBXFileReference; lastKnownFileType = sourcecode.swift; path = IssuesListScene.swift; sourceTree = "<group>"; };
		74F90E0029118F260004418F /* PullRequestsScene.swift */ = {isa = PBXFileReference; lastKnownFileType = sourcecode.swift; path = PullRequestsScene.swift; sourceTree = "<group>"; };
		74F90E0329118F360004418F /* PullRequestCellView.swift */ = {isa = PBXFileReference; lastKnownFileType = sourcecode.swift; path = PullRequestCellView.swift; sourceTree = "<group>"; };
		74F90E072911939A0004418F /* CommitCellView.swift */ = {isa = PBXFileReference; lastKnownFileType = sourcecode.swift; path = CommitCellView.swift; sourceTree = "<group>"; };
		74F90E09291198E90004418F /* CommitsScene.swift */ = {isa = PBXFileReference; lastKnownFileType = sourcecode.swift; path = CommitsScene.swift; sourceTree = "<group>"; };
		74F90E0D2911DA440004418F /* OrganizationCell.swift */ = {isa = PBXFileReference; lastKnownFileType = sourcecode.swift; path = OrganizationCell.swift; sourceTree = "<group>"; };
		74F90E0F2911DC180004418F /* OrganizationsListScene.swift */ = {isa = PBXFileReference; lastKnownFileType = sourcecode.swift; path = OrganizationsListScene.swift; sourceTree = "<group>"; };
		74F90E122911DE490004418F /* OrganizationScene.swift */ = {isa = PBXFileReference; lastKnownFileType = sourcecode.swift; path = OrganizationScene.swift; sourceTree = "<group>"; };
/* End PBXFileReference section */

/* Begin PBXFrameworksBuildPhase section */
		74CBBE2E29072E400029AF59 /* Frameworks */ = {
			isa = PBXFrameworksBuildPhase;
			buildActionMask = 2147483647;
			files = (
			);
			runOnlyForDeploymentPostprocessing = 0;
		};
/* End PBXFrameworksBuildPhase section */

/* Begin PBXGroup section */
		74CBBE2829072E400029AF59 = {
			isa = PBXGroup;
			children = (
				74CBBE3329072E400029AF59 /* QuickGitUI */,
				74CBBE3229072E400029AF59 /* Products */,
			);
			sourceTree = "<group>";
		};
		74CBBE3229072E400029AF59 /* Products */ = {
			isa = PBXGroup;
			children = (
				74CBBE3129072E400029AF59 /* QuickGitUI.app */,
			);
			name = Products;
			sourceTree = "<group>";
		};
		74CBBE3329072E400029AF59 /* QuickGitUI */ = {
			isa = PBXGroup;
			children = (
				74E0A8F5290C11F3006C9823 /* Scenes */,
				74CBBE3429072E400029AF59 /* QuickGitUIApp.swift */,
				74CBBE3629072E400029AF59 /* ContentView.swift */,
				74CBBE3829072E410029AF59 /* Assets.xcassets */,
				74CBBE3D29072E410029AF59 /* Persistence.swift */,
				74CBBE3F29072E410029AF59 /* QuickGitUI.xcdatamodeld */,
				74CBBE3A29072E410029AF59 /* Preview Content */,
				74E0A8F3290C0DC9006C9823 /* Navigator.swift */,
			);
			path = QuickGitUI;
			sourceTree = "<group>";
		};
		74CBBE3A29072E410029AF59 /* Preview Content */ = {
			isa = PBXGroup;
			children = (
				74CBBE3B29072E410029AF59 /* Preview Assets.xcassets */,
			);
			path = "Preview Content";
			sourceTree = "<group>";
		};
		74CBBE47290730080029AF59 /* Components */ = {
			isa = PBXGroup;
			children = (
				74CBBE48290730200029AF59 /* HomeCellView.swift */,
			);
			path = Components;
			sourceTree = "<group>";
		};
		74E0A8F5290C11F3006C9823 /* Scenes */ = {
			isa = PBXGroup;
			children = (
				74F90E112911DE3A0004418F /* OrganizationScene */,
				74F90E0B2911DA2D0004418F /* OrganizationsListScene */,
				74F90E05291193840004418F /* CommitsScene */,
				74F90DFF29118F0D0004418F /* PullRequestsScene */,
				74F90DF929118C8E0004418F /* IssuesScene */,
				74E0A909290C32BA006C9823 /* ProfileScene */,
				74E0A903290C249A006C9823 /* RepositoryScene */,
				74E0A8FD290C1745006C9823 /* RepositoriesListScene */,
				74E0A8F7290C13ED006C9823 /* Users Scene */,
				74E0A8F6290C11F8006C9823 /* Home Scene */,
			);
			path = Scenes;
			sourceTree = "<group>";
		};
		74E0A8F6290C11F8006C9823 /* Home Scene */ = {
			isa = PBXGroup;
			children = (
				74CBBE47290730080029AF59 /* Components */,
				74C73EB329085138005F16D5 /* HomeSceneView.swift */,
				74C73EB529085519005F16D5 /* HomeSceneMenuManager.swift */,
			);
			path = "Home Scene";
			sourceTree = "<group>";
		};
		74E0A8F7290C13ED006C9823 /* Users Scene */ = {
			isa = PBXGroup;
			children = (
				74E0A8FA290C1427006C9823 /* Components */,
				74E0A8F8290C1419006C9823 /* UsersSceneView.swift */,
			);
			path = "Users Scene";
			sourceTree = "<group>";
		};
		74E0A8FA290C1427006C9823 /* Components */ = {
			isa = PBXGroup;
			children = (
				74E0A8FB290C143D006C9823 /* UserCellView.swift */,
			);
			path = Components;
			sourceTree = "<group>";
		};
		74E0A8FD290C1745006C9823 /* RepositoriesListScene */ = {
			isa = PBXGroup;
			children = (
				74E0A8FE290C1752006C9823 /* Components */,
				74E0A901290C18CE006C9823 /* RepositoriesListScene.swift */,
			);
			path = RepositoriesListScene;
			sourceTree = "<group>";
		};
		74E0A8FE290C1752006C9823 /* Components */ = {
			isa = PBXGroup;
			children = (
				74E0A8FF290C1764006C9823 /* RepositoryCellView.swift */,
			);
			path = Components;
			sourceTree = "<group>";
		};
		74E0A903290C249A006C9823 /* RepositoryScene */ = {
			isa = PBXGroup;
			children = (
				74E0A906290C2920006C9823 /* Components */,
				74E0A904290C24D6006C9823 /* RepositorySceneView.swift */,
			);
			path = RepositoryScene;
			sourceTree = "<group>";
		};
		74E0A906290C2920006C9823 /* Components */ = {
			isa = PBXGroup;
			children = (
				74E0A907290C2965006C9823 /* ActionCellView.swift */,
			);
			path = Components;
			sourceTree = "<group>";
		};
		74E0A909290C32BA006C9823 /* ProfileScene */ = {
			isa = PBXGroup;
			children = (
				74E0A90B290C32D2006C9823 /* ProfileSceneView.swift */,
			);
			path = ProfileScene;
			sourceTree = "<group>";
		};
		74F90DF929118C8E0004418F /* IssuesScene */ = {
			isa = PBXGroup;
			children = (
				74F90DFA29118C960004418F /* Components */,
				74F90DFD29118D940004418F /* IssuesListScene.swift */,
			);
			path = IssuesScene;
			sourceTree = "<group>";
		};
		74F90DFA29118C960004418F /* Components */ = {
			isa = PBXGroup;
			children = (
				74F90DFB29118CA30004418F /* IssueCellView.swift */,
			);
			path = Components;
			sourceTree = "<group>";
		};
		74F90DFF29118F0D0004418F /* PullRequestsScene */ = {
			isa = PBXGroup;
			children = (
				74F90E0229118F290004418F /* Components */,
				74F90E0029118F260004418F /* PullRequestsScene.swift */,
			);
			path = PullRequestsScene;
			sourceTree = "<group>";
		};
		74F90E0229118F290004418F /* Components */ = {
			isa = PBXGroup;
			children = (
				74F90E0329118F360004418F /* PullRequestCellView.swift */,
			);
			path = Components;
			sourceTree = "<group>";
		};
		74F90E05291193840004418F /* CommitsScene */ = {
			isa = PBXGroup;
			children = (
				74F90E062911938D0004418F /* Components */,
				74F90E09291198E90004418F /* CommitsScene.swift */,
			);
			path = CommitsScene;
			sourceTree = "<group>";
		};
		74F90E062911938D0004418F /* Components */ = {
			isa = PBXGroup;
			children = (
				74F90E072911939A0004418F /* CommitCellView.swift */,
			);
			path = Components;
			sourceTree = "<group>";
		};
		74F90E0B2911DA2D0004418F /* OrganizationsListScene */ = {
			isa = PBXGroup;
			children = (
				74F90E0C2911DA390004418F /* Components */,
				74F90E0F2911DC180004418F /* OrganizationsListScene.swift */,
			);
			path = OrganizationsListScene;
			sourceTree = "<group>";
		};
		74F90E0C2911DA390004418F /* Components */ = {
			isa = PBXGroup;
			children = (
				74F90E0D2911DA440004418F /* OrganizationCell.swift */,
			);
			path = Components;
			sourceTree = "<group>";
		};
		74F90E112911DE3A0004418F /* OrganizationScene */ = {
			isa = PBXGroup;
			children = (
				74F90E122911DE490004418F /* OrganizationScene.swift */,
			);
			path = OrganizationScene;
			sourceTree = "<group>";
		};
/* End PBXGroup section */

/* Begin PBXNativeTarget section */
		74CBBE3029072E400029AF59 /* QuickGitUI */ = {
			isa = PBXNativeTarget;
			buildConfigurationList = 74CBBE4429072E410029AF59 /* Build configuration list for PBXNativeTarget "QuickGitUI" */;
			buildPhases = (
				74CBBE2D29072E400029AF59 /* Sources */,
				74CBBE2E29072E400029AF59 /* Frameworks */,
				74CBBE2F29072E400029AF59 /* Resources */,
			);
			buildRules = (
			);
			dependencies = (
			);
			name = QuickGitUI;
			productName = QuickGitUI;
			productReference = 74CBBE3129072E400029AF59 /* QuickGitUI.app */;
			productType = "com.apple.product-type.application";
		};
/* End PBXNativeTarget section */

/* Begin PBXProject section */
		74CBBE2929072E400029AF59 /* Project object */ = {
			isa = PBXProject;
			attributes = {
				BuildIndependentTargetsInParallel = 1;
				LastSwiftUpdateCheck = 1400;
				LastUpgradeCheck = 1400;
				TargetAttributes = {
					74CBBE3029072E400029AF59 = {
						CreatedOnToolsVersion = 14.0.1;
					};
				};
			};
			buildConfigurationList = 74CBBE2C29072E400029AF59 /* Build configuration list for PBXProject "QuickGitUI" */;
			compatibilityVersion = "Xcode 14.0";
			developmentRegion = en;
			hasScannedForEncodings = 0;
			knownRegions = (
				en,
				Base,
			);
			mainGroup = 74CBBE2829072E400029AF59;
			productRefGroup = 74CBBE3229072E400029AF59 /* Products */;
			projectDirPath = "";
			projectRoot = "";
			targets = (
				74CBBE3029072E400029AF59 /* QuickGitUI */,
			);
		};
/* End PBXProject section */

/* Begin PBXResourcesBuildPhase section */
		74CBBE2F29072E400029AF59 /* Resources */ = {
			isa = PBXResourcesBuildPhase;
			buildActionMask = 2147483647;
			files = (
				74CBBE3C29072E410029AF59 /* Preview Assets.xcassets in Resources */,
				74CBBE3929072E410029AF59 /* Assets.xcassets in Resources */,
			);
			runOnlyForDeploymentPostprocessing = 0;
		};
/* End PBXResourcesBuildPhase section */

/* Begin PBXSourcesBuildPhase section */
		74CBBE2D29072E400029AF59 /* Sources */ = {
			isa = PBXSourcesBuildPhase;
			buildActionMask = 2147483647;
			files = (
				74F90E0429118F360004418F /* PullRequestCellView.swift in Sources */,
				74E0A908290C2965006C9823 /* ActionCellView.swift in Sources */,
				74F90E0E2911DA440004418F /* OrganizationCell.swift in Sources */,
				74E0A902290C18CE006C9823 /* RepositoriesListScene.swift in Sources */,
				74F90DFC29118CA30004418F /* IssueCellView.swift in Sources */,
				74F90E132911DE490004418F /* OrganizationScene.swift in Sources */,
				74E0A905290C24D6006C9823 /* RepositorySceneView.swift in Sources */,
				74CBBE3E29072E410029AF59 /* Persistence.swift in Sources */,
				74CBBE3729072E400029AF59 /* ContentView.swift in Sources */,
				74C73EB629085519005F16D5 /* HomeSceneMenuManager.swift in Sources */,
				74E0A8FC290C143D006C9823 /* UserCellView.swift in Sources */,
				74CBBE4129072E410029AF59 /* QuickGitUI.xcdatamodeld in Sources */,
				74CBBE3529072E400029AF59 /* QuickGitUIApp.swift in Sources */,
				74F90E082911939A0004418F /* CommitCellView.swift in Sources */,
				74F90E102911DC180004418F /* OrganizationsListScene.swift in Sources */,
				74E0A900290C1764006C9823 /* RepositoryCellView.swift in Sources */,
				74F90DFE29118D940004418F /* IssuesListScene.swift in Sources */,
				74F90E0A291198E90004418F /* CommitsScene.swift in Sources */,
				74E0A8F4290C0DC9006C9823 /* Navigator.swift in Sources */,
				74C73EB429085138005F16D5 /* HomeSceneView.swift in Sources */,
				74E0A90C290C32D2006C9823 /* ProfileSceneView.swift in Sources */,
				74CBBE49290730200029AF59 /* HomeCellView.swift in Sources */,
				74E0A8F9290C1419006C9823 /* UsersSceneView.swift in Sources */,
				74F90E0129118F260004418F /* PullRequestsScene.swift in Sources */,
			);
			runOnlyForDeploymentPostprocessing = 0;
		};
/* End PBXSourcesBuildPhase section */

/* Begin XCBuildConfiguration section */
		74CBBE4229072E410029AF59 /* Debug */ = {
			isa = XCBuildConfiguration;
			buildSettings = {
				ALWAYS_SEARCH_USER_PATHS = NO;
				CLANG_ANALYZER_NONNULL = YES;
				CLANG_ANALYZER_NUMBER_OBJECT_CONVERSION = YES_AGGRESSIVE;
				CLANG_CXX_LANGUAGE_STANDARD = "gnu++20";
				CLANG_ENABLE_MODULES = YES;
				CLANG_ENABLE_OBJC_ARC = YES;
				CLANG_ENABLE_OBJC_WEAK = YES;
				CLANG_WARN_BLOCK_CAPTURE_AUTORELEASING = YES;
				CLANG_WARN_BOOL_CONVERSION = YES;
				CLANG_WARN_COMMA = YES;
				CLANG_WARN_CONSTANT_CONVERSION = YES;
				CLANG_WARN_DEPRECATED_OBJC_IMPLEMENTATIONS = YES;
				CLANG_WARN_DIRECT_OBJC_ISA_USAGE = YES_ERROR;
				CLANG_WARN_DOCUMENTATION_COMMENTS = YES;
				CLANG_WARN_EMPTY_BODY = YES;
				CLANG_WARN_ENUM_CONVERSION = YES;
				CLANG_WARN_INFINITE_RECURSION = YES;
				CLANG_WARN_INT_CONVERSION = YES;
				CLANG_WARN_NON_LITERAL_NULL_CONVERSION = YES;
				CLANG_WARN_OBJC_IMPLICIT_RETAIN_SELF = YES;
				CLANG_WARN_OBJC_LITERAL_CONVERSION = YES;
				CLANG_WARN_OBJC_ROOT_CLASS = YES_ERROR;
				CLANG_WARN_QUOTED_INCLUDE_IN_FRAMEWORK_HEADER = YES;
				CLANG_WARN_RANGE_LOOP_ANALYSIS = YES;
				CLANG_WARN_STRICT_PROTOTYPES = YES;
				CLANG_WARN_SUSPICIOUS_MOVE = YES;
				CLANG_WARN_UNGUARDED_AVAILABILITY = YES_AGGRESSIVE;
				CLANG_WARN_UNREACHABLE_CODE = YES;
				CLANG_WARN__DUPLICATE_METHOD_MATCH = YES;
				COPY_PHASE_STRIP = NO;
				DEBUG_INFORMATION_FORMAT = dwarf;
				ENABLE_STRICT_OBJC_MSGSEND = YES;
				ENABLE_TESTABILITY = YES;
				GCC_C_LANGUAGE_STANDARD = gnu11;
				GCC_DYNAMIC_NO_PIC = NO;
				GCC_NO_COMMON_BLOCKS = YES;
				GCC_OPTIMIZATION_LEVEL = 0;
				GCC_PREPROCESSOR_DEFINITIONS = (
					"DEBUG=1",
					"$(inherited)",
				);
				GCC_WARN_64_TO_32_BIT_CONVERSION = YES;
				GCC_WARN_ABOUT_RETURN_TYPE = YES_ERROR;
				GCC_WARN_UNDECLARED_SELECTOR = YES;
				GCC_WARN_UNINITIALIZED_AUTOS = YES_AGGRESSIVE;
				GCC_WARN_UNUSED_FUNCTION = YES;
				GCC_WARN_UNUSED_VARIABLE = YES;
				IPHONEOS_DEPLOYMENT_TARGET = 16.0;
				MTL_ENABLE_DEBUG_INFO = INCLUDE_SOURCE;
				MTL_FAST_MATH = YES;
				ONLY_ACTIVE_ARCH = YES;
				SDKROOT = iphoneos;
				SWIFT_ACTIVE_COMPILATION_CONDITIONS = DEBUG;
				SWIFT_OPTIMIZATION_LEVEL = "-Onone";
			};
			name = Debug;
		};
		74CBBE4329072E410029AF59 /* Release */ = {
			isa = XCBuildConfiguration;
			buildSettings = {
				ALWAYS_SEARCH_USER_PATHS = NO;
				CLANG_ANALYZER_NONNULL = YES;
				CLANG_ANALYZER_NUMBER_OBJECT_CONVERSION = YES_AGGRESSIVE;
				CLANG_CXX_LANGUAGE_STANDARD = "gnu++20";
				CLANG_ENABLE_MODULES = YES;
				CLANG_ENABLE_OBJC_ARC = YES;
				CLANG_ENABLE_OBJC_WEAK = YES;
				CLANG_WARN_BLOCK_CAPTURE_AUTORELEASING = YES;
				CLANG_WARN_BOOL_CONVERSION = YES;
				CLANG_WARN_COMMA = YES;
				CLANG_WARN_CONSTANT_CONVERSION = YES;
				CLANG_WARN_DEPRECATED_OBJC_IMPLEMENTATIONS = YES;
				CLANG_WARN_DIRECT_OBJC_ISA_USAGE = YES_ERROR;
				CLANG_WARN_DOCUMENTATION_COMMENTS = YES;
				CLANG_WARN_EMPTY_BODY = YES;
				CLANG_WARN_ENUM_CONVERSION = YES;
				CLANG_WARN_INFINITE_RECURSION = YES;
				CLANG_WARN_INT_CONVERSION = YES;
				CLANG_WARN_NON_LITERAL_NULL_CONVERSION = YES;
				CLANG_WARN_OBJC_IMPLICIT_RETAIN_SELF = YES;
				CLANG_WARN_OBJC_LITERAL_CONVERSION = YES;
				CLANG_WARN_OBJC_ROOT_CLASS = YES_ERROR;
				CLANG_WARN_QUOTED_INCLUDE_IN_FRAMEWORK_HEADER = YES;
				CLANG_WARN_RANGE_LOOP_ANALYSIS = YES;
				CLANG_WARN_STRICT_PROTOTYPES = YES;
				CLANG_WARN_SUSPICIOUS_MOVE = YES;
				CLANG_WARN_UNGUARDED_AVAILABILITY = YES_AGGRESSIVE;
				CLANG_WARN_UNREACHABLE_CODE = YES;
				CLANG_WARN__DUPLICATE_METHOD_MATCH = YES;
				COPY_PHASE_STRIP = NO;
				DEBUG_INFORMATION_FORMAT = "dwarf-with-dsym";
				ENABLE_NS_ASSERTIONS = NO;
				ENABLE_STRICT_OBJC_MSGSEND = YES;
				GCC_C_LANGUAGE_STANDARD = gnu11;
				GCC_NO_COMMON_BLOCKS = YES;
				GCC_WARN_64_TO_32_BIT_CONVERSION = YES;
				GCC_WARN_ABOUT_RETURN_TYPE = YES_ERROR;
				GCC_WARN_UNDECLARED_SELECTOR = YES;
				GCC_WARN_UNINITIALIZED_AUTOS = YES_AGGRESSIVE;
				GCC_WARN_UNUSED_FUNCTION = YES;
				GCC_WARN_UNUSED_VARIABLE = YES;
				IPHONEOS_DEPLOYMENT_TARGET = 16.0;
				MTL_ENABLE_DEBUG_INFO = NO;
				MTL_FAST_MATH = YES;
				SDKROOT = iphoneos;
				SWIFT_COMPILATION_MODE = wholemodule;
				SWIFT_OPTIMIZATION_LEVEL = "-O";
				VALIDATE_PRODUCT = YES;
			};
			name = Release;
		};
		74CBBE4529072E410029AF59 /* Debug */ = {
			isa = XCBuildConfiguration;
			buildSettings = {
				ASSETCATALOG_COMPILER_APPICON_NAME = AppIcon;
				ASSETCATALOG_COMPILER_GLOBAL_ACCENT_COLOR_NAME = AccentColor;
				CODE_SIGN_STYLE = Automatic;
				CURRENT_PROJECT_VERSION = 1;
				DEVELOPMENT_ASSET_PATHS = "\"QuickGitUI/Preview Content\"";
				ENABLE_PREVIEWS = YES;
				GENERATE_INFOPLIST_FILE = YES;
				INFOPLIST_KEY_UIApplicationSceneManifest_Generation = YES;
				INFOPLIST_KEY_UIApplicationSupportsIndirectInputEvents = YES;
				INFOPLIST_KEY_UILaunchScreen_Generation = YES;
				INFOPLIST_KEY_UISupportedInterfaceOrientations_iPad = "UIInterfaceOrientationPortrait UIInterfaceOrientationPortraitUpsideDown UIInterfaceOrientationLandscapeLeft UIInterfaceOrientationLandscapeRight";
				INFOPLIST_KEY_UISupportedInterfaceOrientations_iPhone = "UIInterfaceOrientationPortrait UIInterfaceOrientationLandscapeLeft UIInterfaceOrientationLandscapeRight";
				LD_RUNPATH_SEARCH_PATHS = (
					"$(inherited)",
					"@executable_path/Frameworks",
				);
				MARKETING_VERSION = 1.0;
				PRODUCT_BUNDLE_IDENTIFIER = com.fathy.QuickGitUI;
				PRODUCT_NAME = "$(TARGET_NAME)";
				SWIFT_EMIT_LOC_STRINGS = YES;
				SWIFT_VERSION = 5.0;
				TARGETED_DEVICE_FAMILY = "1,2";
			};
			name = Debug;
		};
		74CBBE4629072E410029AF59 /* Release */ = {
			isa = XCBuildConfiguration;
			buildSettings = {
				ASSETCATALOG_COMPILER_APPICON_NAME = AppIcon;
				ASSETCATALOG_COMPILER_GLOBAL_ACCENT_COLOR_NAME = AccentColor;
				CODE_SIGN_STYLE = Automatic;
				CURRENT_PROJECT_VERSION = 1;
				DEVELOPMENT_ASSET_PATHS = "\"QuickGitUI/Preview Content\"";
				ENABLE_PREVIEWS = YES;
				GENERATE_INFOPLIST_FILE = YES;
				INFOPLIST_KEY_UIApplicationSceneManifest_Generation = YES;
				INFOPLIST_KEY_UIApplicationSupportsIndirectInputEvents = YES;
				INFOPLIST_KEY_UILaunchScreen_Generation = YES;
				INFOPLIST_KEY_UISupportedInterfaceOrientations_iPad = "UIInterfaceOrientationPortrait UIInterfaceOrientationPortraitUpsideDown UIInterfaceOrientationLandscapeLeft UIInterfaceOrientationLandscapeRight";
				INFOPLIST_KEY_UISupportedInterfaceOrientations_iPhone = "UIInterfaceOrientationPortrait UIInterfaceOrientationLandscapeLeft UIInterfaceOrientationLandscapeRight";
				LD_RUNPATH_SEARCH_PATHS = (
					"$(inherited)",
					"@executable_path/Frameworks",
				);
				MARKETING_VERSION = 1.0;
				PRODUCT_BUNDLE_IDENTIFIER = com.fathy.QuickGitUI;
				PRODUCT_NAME = "$(TARGET_NAME)";
				SWIFT_EMIT_LOC_STRINGS = YES;
				SWIFT_VERSION = 5.0;
				TARGETED_DEVICE_FAMILY = "1,2";
			};
			name = Release;
		};
/* End XCBuildConfiguration section */

/* Begin XCConfigurationList section */
		74CBBE2C29072E400029AF59 /* Build configuration list for PBXProject "QuickGitUI" */ = {
			isa = XCConfigurationList;
			buildConfigurations = (
				74CBBE4229072E410029AF59 /* Debug */,
				74CBBE4329072E410029AF59 /* Release */,
			);
			defaultConfigurationIsVisible = 0;
			defaultConfigurationName = Release;
		};
		74CBBE4429072E410029AF59 /* Build configuration list for PBXNativeTarget "QuickGitUI" */ = {
			isa = XCConfigurationList;
			buildConfigurations = (
				74CBBE4529072E410029AF59 /* Debug */,
				74CBBE4629072E410029AF59 /* Release */,
			);
			defaultConfigurationIsVisible = 0;
			defaultConfigurationName = Release;
		};
/* End XCConfigurationList section */

/* Begin XCVersionGroup section */
		74CBBE3F29072E410029AF59 /* QuickGitUI.xcdatamodeld */ = {
			isa = XCVersionGroup;
			children = (
				74CBBE4029072E410029AF59 /* QuickGitUI.xcdatamodel */,
			);
			currentVersion = 74CBBE4029072E410029AF59 /* QuickGitUI.xcdatamodel */;
			path = QuickGitUI.xcdatamodeld;
			sourceTree = "<group>";
			versionGroupType = wrapper.xcdatamodel;
		};
/* End XCVersionGroup section */
	};
	rootObject = 74CBBE2929072E400029AF59 /* Project object */;
}
